
Microsoft Visual Studio Solution File, Format Version 12.00
# Visual Studio Version 17
VisualStudioVersion = 17.7.34202.233
MinimumVisualStudioVersion = 10.0.40219.1
Project("{FAE04EC0-301F-11D3-BF4B-00C04F79EFBC}") = "gitdemo22", "gitdemo22\gitdemo22.csproj", "{29E471A1-881C-4B76-B38E-8F2B84CAB16E}"
EndProject
Global
	GlobalSection(SolutionConfigurationPlatforms) = preSolution
		Debug|Any CPU = Debug|Any CPU
		Release|Any CPU = Release|Any CPU
	EndGlobalSection
	GlobalSection(ProjectConfigurationPlatforms) = postSolution
		{29E471A1-881C-4B76-B38E-8F2B84CAB16E}.Debug|Any CPU.ActiveCfg = Debug|Any CPU
		{29E471A1-881C-4B76-B38E-8F2B84CAB16E}.Debug|Any CPU.Build.0 = Debug|Any CPU
		{29E471A1-881C-4B76-B38E-8F2B84CAB16E}.Release|Any CPU.ActiveCfg = Release|Any CPU
		{29E471A1-881C-4B76-B38E-8F2B84CAB16E}.Release|Any CPU.Build.0 = Release|Any CPU
	EndGlobalSection
	GlobalSection(SolutionProperties) = preSolution
		HideSolutionNode = FALSE
	EndGlobalSection
	GlobalSection(ExtensibilityGlobals) = postSolution
		SolutionGuid = {C0C48B2A-9E2C-4050-BCAF-AF3AA8CD552D}
	EndGlobalSection
EndGlobal
